
Microsoft Visual Studio Solution File, Format Version 12.00
# Visual Studio Version 17
VisualStudioVersion = 17.8.34511.84
MinimumVisualStudioVersion = 10.0.40219.1
Project("{FAE04EC0-301F-11D3-BF4B-00C04F79EFBC}") = "TestMatrice", "TestMatrice\TestMatrice.csproj", "{0011EA65-205D-47F5-B8C6-06AFC21AAF05}"
EndProject
Global
	GlobalSection(SolutionConfigurationPlatforms) = preSolution
		Debug|Any CPU = Debug|Any CPU
		Release|Any CPU = Release|Any CPU
	EndGlobalSection
	GlobalSection(ProjectConfigurationPlatforms) = postSolution
		{0011EA65-205D-47F5-B8C6-06AFC21AAF05}.Debug|Any CPU.ActiveCfg = Debug|Any CPU
		{0011EA65-205D-47F5-B8C6-06AFC21AAF05}.Debug|Any CPU.Build.0 = Debug|Any CPU
		{0011EA65-205D-47F5-B8C6-06AFC21AAF05}.Release|Any CPU.ActiveCfg = Release|Any CPU
		{0011EA65-205D-47F5-B8C6-06AFC21AAF05}.Release|Any CPU.Build.0 = Release|Any CPU
	EndGlobalSection
	GlobalSection(SolutionProperties) = preSolution
		HideSolutionNode = FALSE
	EndGlobalSection
	GlobalSection(ExtensibilityGlobals) = postSolution
		SolutionGuid = {D58168F3-ED71-48DD-A2CD-C686D2F2D1B2}
	EndGlobalSection
EndGlobal
