
Microsoft Visual Studio Solution File, Format Version 12.00
# Visual Studio Version 17
VisualStudioVersion = 17.6.33723.286
MinimumVisualStudioVersion = 10.0.40219.1
Project("{FAE04EC0-301F-11D3-BF4B-00C04F79EFBC}") = "TaskParallelLibrary", "TaskParallelLibrary\TaskParallelLibrary.csproj", "{3C854C8D-B04A-487E-B67F-5B182146D2F5}"
EndProject
Global
	GlobalSection(SolutionConfigurationPlatforms) = preSolution
		Debug|Any CPU = Debug|Any CPU
		Release|Any CPU = Release|Any CPU
	EndGlobalSection
	GlobalSection(ProjectConfigurationPlatforms) = postSolution
		{3C854C8D-B04A-487E-B67F-5B182146D2F5}.Debug|Any CPU.ActiveCfg = Debug|Any CPU
		{3C854C8D-B04A-487E-B67F-5B182146D2F5}.Debug|Any CPU.Build.0 = Debug|Any CPU
		{3C854C8D-B04A-487E-B67F-5B182146D2F5}.Release|Any CPU.ActiveCfg = Release|Any CPU
		{3C854C8D-B04A-487E-B67F-5B182146D2F5}.Release|Any CPU.Build.0 = Release|Any CPU
	EndGlobalSection
	GlobalSection(SolutionProperties) = preSolution
		HideSolutionNode = FALSE
	EndGlobalSection
	GlobalSection(ExtensibilityGlobals) = postSolution
		SolutionGuid = {5DE73713-6C4C-4ADD-901D-29BEFC88AE94}
	EndGlobalSection
EndGlobal
