
Microsoft Visual Studio Solution File, Format Version 12.00
# Visual Studio Version 17
VisualStudioVersion = 17.6.33723.286
MinimumVisualStudioVersion = 10.0.40219.1
Project("{FAE04EC0-301F-11D3-BF4B-00C04F79EFBC}") = "EntityFrameworkExample", "EntityFrameworkExample\EntityFrameworkExample.csproj", "{42454F14-BED6-44EB-AB67-B741A649DFCF}"
EndProject
Global
	GlobalSection(SolutionConfigurationPlatforms) = preSolution
		Debug|Any CPU = Debug|Any CPU
		Release|Any CPU = Release|Any CPU
	EndGlobalSection
	GlobalSection(ProjectConfigurationPlatforms) = postSolution
		{42454F14-BED6-44EB-AB67-B741A649DFCF}.Debug|Any CPU.ActiveCfg = Debug|Any CPU
		{42454F14-BED6-44EB-AB67-B741A649DFCF}.Debug|Any CPU.Build.0 = Debug|Any CPU
		{42454F14-BED6-44EB-AB67-B741A649DFCF}.Release|Any CPU.ActiveCfg = Release|Any CPU
		{42454F14-BED6-44EB-AB67-B741A649DFCF}.Release|Any CPU.Build.0 = Release|Any CPU
	EndGlobalSection
	GlobalSection(SolutionProperties) = preSolution
		HideSolutionNode = FALSE
	EndGlobalSection
	GlobalSection(ExtensibilityGlobals) = postSolution
		SolutionGuid = {FEBBBC63-C117-48BB-8B39-FB2F88A9B093}
	EndGlobalSection
EndGlobal
