
Microsoft Visual Studio Solution File, Format Version 12.00
# Visual Studio Version 17
VisualStudioVersion = 17.6.33712.159
MinimumVisualStudioVersion = 10.0.40219.1
Project("{9A19103F-16F7-4668-BE54-9A1E7A4F7556}") = "ThreadingExample", "ThreadingExample\ThreadingExample.csproj", "{B9EA5C55-21A3-4605-8604-EBDBA78C0A67}"
EndProject
Project("{FAE04EC0-301F-11D3-BF4B-00C04F79EFBC}") = "TaskCompletionSourceExample", "TaskCompletionSourceExample\TaskCompletionSourceExample.csproj", "{67A086DB-4341-457D-B5C6-21CA06F0825B}"
EndProject
Global
	GlobalSection(SolutionConfigurationPlatforms) = preSolution
		Debug|Any CPU = Debug|Any CPU
		Release|Any CPU = Release|Any CPU
	EndGlobalSection
	GlobalSection(ProjectConfigurationPlatforms) = postSolution
		{B9EA5C55-21A3-4605-8604-EBDBA78C0A67}.Debug|Any CPU.ActiveCfg = Debug|Any CPU
		{B9EA5C55-21A3-4605-8604-EBDBA78C0A67}.Debug|Any CPU.Build.0 = Debug|Any CPU
		{B9EA5C55-21A3-4605-8604-EBDBA78C0A67}.Release|Any CPU.ActiveCfg = Release|Any CPU
		{B9EA5C55-21A3-4605-8604-EBDBA78C0A67}.Release|Any CPU.Build.0 = Release|Any CPU
		{67A086DB-4341-457D-B5C6-21CA06F0825B}.Debug|Any CPU.ActiveCfg = Debug|Any CPU
		{67A086DB-4341-457D-B5C6-21CA06F0825B}.Debug|Any CPU.Build.0 = Debug|Any CPU
		{67A086DB-4341-457D-B5C6-21CA06F0825B}.Release|Any CPU.ActiveCfg = Release|Any CPU
		{67A086DB-4341-457D-B5C6-21CA06F0825B}.Release|Any CPU.Build.0 = Release|Any CPU
	EndGlobalSection
	GlobalSection(SolutionProperties) = preSolution
		HideSolutionNode = FALSE
	EndGlobalSection
	GlobalSection(ExtensibilityGlobals) = postSolution
		SolutionGuid = {201FCB00-9FF8-4DD2-9945-5E3D96EE8B4D}
	EndGlobalSection
EndGlobal
